// !$*UTF8*$!
{
	archiveVersion = 1;
	classes = {
	};
	objectVersion = 46;
	objects = {

/* Begin PBXBuildFile section */
		1502A599223A3E3F00F0787A /* libpyutilea.a in Frameworks */ = {isa = PBXBuildFile; fileRef = 1502A598223A3E3F00F0787A /* libpyutilea.a */; };
		150BF68E1EA06CDE00E320BB /* PYNetUpload.m in Sources */ = {isa = PBXBuildFile; fileRef = 150BF68D1EA06CDE00E320BB /* PYNetUpload.m */; };
		150BF6911EA06DA300E320BB /* PYNetwork.m in Sources */ = {isa = PBXBuildFile; fileRef = 150BF6901EA06DA300E320BB /* PYNetwork.m */; };
		150BF6921EA0A17F00E320BB /* PYNetwork.h in CopyFiles */ = {isa = PBXBuildFile; fileRef = 150BF68F1EA06DA300E320BB /* PYNetwork.h */; };
		150BF6931EA0A18600E320BB /* PYNetwork.m in Sources */ = {isa = PBXBuildFile; fileRef = 150BF6901EA06DA300E320BB /* PYNetwork.m */; };
		150F06E41E9CB46800D3B4B4 /* PYNetDownload.m in Sources */ = {isa = PBXBuildFile; fileRef = 150F06E21E9CB46800D3B4B4 /* PYNetDownload.m */; };
		150F06F11E9CC3C200D3B4B4 /* pynetworka.h in CopyFiles */ = {isa = PBXBuildFile; fileRef = 150F06EE1E9CC3C200D3B4B4 /* pynetworka.h */; };
		150F06F71E9CC3D300D3B4B4 /* PYNetDownload.m in Sources */ = {isa = PBXBuildFile; fileRef = 150F06E21E9CB46800D3B4B4 /* PYNetDownload.m */; };
		150F06FA1E9CC3F300D3B4B4 /* PYNetDownload.h in CopyFiles */ = {isa = PBXBuildFile; fileRef = 150F06E11E9CB46800D3B4B4 /* PYNetDownload.h */; };
		15A21D461E9B6ABB0078D3FD /* main.m in Sources */ = {isa = PBXBuildFile; fileRef = 15A21D451E9B6ABB0078D3FD /* main.m */; };
		15A21D491E9B6ABB0078D3FD /* AppDelegate.m in Sources */ = {isa = PBXBuildFile; fileRef = 15A21D481E9B6ABB0078D3FD /* AppDelegate.m */; };
		15A21D4C1E9B6ABB0078D3FD /* ViewController.m in Sources */ = {isa = PBXBuildFile; fileRef = 15A21D4B1E9B6ABB0078D3FD /* ViewController.m */; };
		15A21D4F1E9B6ABB0078D3FD /* Main.storyboard in Resources */ = {isa = PBXBuildFile; fileRef = 15A21D4D1E9B6ABB0078D3FD /* Main.storyboard */; };
		15A21D511E9B6ABB0078D3FD /* Assets.xcassets in Resources */ = {isa = PBXBuildFile; fileRef = 15A21D501E9B6ABB0078D3FD /* Assets.xcassets */; };
		15A21D541E9B6ABB0078D3FD /* LaunchScreen.storyboard in Resources */ = {isa = PBXBuildFile; fileRef = 15A21D521E9B6ABB0078D3FD /* LaunchScreen.storyboard */; };
		15CC07C51EA5B8BC0006B505 /* 1.png in Resources */ = {isa = PBXBuildFile; fileRef = 15CC07C41EA5B8BC0006B505 /* 1.png */; };
		15CC07CE1EA71BB90006B505 /* PYNetNormal.m in Sources */ = {isa = PBXBuildFile; fileRef = 15CC07CC1EA71BB90006B505 /* PYNetNormal.m */; };
		15CC08011EA7564D0006B505 /* PYNetUpload.m in Sources */ = {isa = PBXBuildFile; fileRef = 150BF68D1EA06CDE00E320BB /* PYNetUpload.m */; };
		15CC08021EA7564D0006B505 /* PYNetNormal.m in Sources */ = {isa = PBXBuildFile; fileRef = 15CC07CC1EA71BB90006B505 /* PYNetNormal.m */; };
		15CC08031EA756590006B505 /* PYNetUpload.h in CopyFiles */ = {isa = PBXBuildFile; fileRef = 150BF68C1EA06CDE00E320BB /* PYNetUpload.h */; };
		15CC08041EA756590006B505 /* PYNetNormal.h in CopyFiles */ = {isa = PBXBuildFile; fileRef = 15CC07CD1EA71BB90006B505 /* PYNetNormal.h */; };
		15DC8F392303AF6100682D21 /* PYNetworkReachabilityManager.m in Sources */ = {isa = PBXBuildFile; fileRef = 15DC8F382303AF6100682D21 /* PYNetworkReachabilityManager.m */; };
		15DC8F3E2303B67C00682D21 /* PYNetwork+__ContenType.m in Sources */ = {isa = PBXBuildFile; fileRef = 15DC8F3D2303B67C00682D21 /* PYNetwork+__ContenType.m */; };
		15DC8F412303CE8700682D21 /* PYNetwork+__DataParse.m in Sources */ = {isa = PBXBuildFile; fileRef = 15DC8F402303CE8700682D21 /* PYNetwork+__DataParse.m */; };
		15DC8F432303D6E900682D21 /* PYNetwork+__ContenType.m in Sources */ = {isa = PBXBuildFile; fileRef = 15DC8F3D2303B67C00682D21 /* PYNetwork+__ContenType.m */; };
		15DC8F442303D6E900682D21 /* PYNetwork+__DataParse.m in Sources */ = {isa = PBXBuildFile; fileRef = 15DC8F402303CE8700682D21 /* PYNetwork+__DataParse.m */; };
		15DC8F452303D6E900682D21 /* PYNetworkReachabilityManager.m in Sources */ = {isa = PBXBuildFile; fileRef = 15DC8F382303AF6100682D21 /* PYNetworkReachabilityManager.m */; };
		15DC8F462303D6F600682D21 /* PYNetworkReachabilityManager.h in CopyFiles */ = {isa = PBXBuildFile; fileRef = 15DC8F372303AF6100682D21 /* PYNetworkReachabilityManager.h */; };
/* End PBXBuildFile section */

/* Begin PBXCopyFilesBuildPhase section */
		150F06EA1E9CC3C100D3B4B4 /* CopyFiles */ = {
			isa = PBXCopyFilesBuildPhase;
			buildActionMask = 2147483647;
			dstPath = "$(PRODUCT_NAME)";
			dstSubfolderSpec = 16;
			files = (
				15DC8F462303D6F600682D21 /* PYNetworkReachabilityManager.h in CopyFiles */,
				15CC08031EA756590006B505 /* PYNetUpload.h in CopyFiles */,
				15CC08041EA756590006B505 /* PYNetNormal.h in CopyFiles */,
				150BF6921EA0A17F00E320BB /* PYNetwork.h in CopyFiles */,
				150F06FA1E9CC3F300D3B4B4 /* PYNetDownload.h in CopyFiles */,
				150F06F11E9CC3C200D3B4B4 /* pynetworka.h in CopyFiles */,
			);
			runOnlyForDeploymentPostprocessing = 0;
		};
/* End PBXCopyFilesBuildPhase section */

/* Begin PBXFileReference section */
		1502A44B223A3A1200F0787A /* libpyutilea.a */ = {isa = PBXFileReference; explicitFileType = archive.ar; path = libpyutilea.a; sourceTree = BUILT_PRODUCTS_DIR; };
		1502A44D223A3A3100F0787A /* libpykita.a */ = {isa = PBXFileReference; explicitFileType = archive.ar; path = libpykita.a; sourceTree = BUILT_PRODUCTS_DIR; };
		1502A44F223A3A4C00F0787A /* pyutilea.h */ = {isa = PBXFileReference; fileEncoding = 4; lastKnownFileType = sourcecode.c.h; name = pyutilea.h; path = ../../../PYUtile/pyutilea/pyutilea.h; sourceTree = "<group>"; };
		1502A50F223A3B2A00F0787A /* EXTScope.h */ = {isa = PBXFileReference; fileEncoding = 4; lastKnownFileType = sourcecode.c.h; name = EXTScope.h; path = ../../../PYUtile/PYUtile/Source/Public/EXTScope/EXTScope.h; sourceTree = "<group>"; };
		1502A510223A3B2A00F0787A /* metamacros.h */ = {isa = PBXFileReference; fileEncoding = 4; lastKnownFileType = sourcecode.c.h; name = metamacros.h; path = ../../../PYUtile/PYUtile/Source/Public/EXTScope/metamacros.h; sourceTree = "<group>"; };
		1502A511223A3B2A00F0787A /* PYMotionNotification.h */ = {isa = PBXFileReference; fileEncoding = 4; lastKnownFileType = sourcecode.c.h; name = PYMotionNotification.h; path = ../../../PYUtile/PYUtile/Source/Public/Notification/PYMotionNotification.h; sourceTree = "<group>"; };
		1502A512223A3B2A00F0787A /* NSData+Expand.h */ = {isa = PBXFileReference; fileEncoding = 4; lastKnownFileType = sourcecode.c.h; name = "NSData+Expand.h"; path = "../../../PYUtile/PYUtile/Source/Public/Expand/NSData+Expand.h"; sourceTree = "<group>"; };
		1502A513223A3B2A00F0787A /* UIViewController+HookOrientation.h */ = {isa = PBXFileReference; fileEncoding = 4; lastKnownFileType = sourcecode.c.h; name = "UIViewController+HookOrientation.h"; path = "../../../PYUtile/PYUtile/Source/Public/Hook/UIViewController+HookOrientation.h"; sourceTree = "<group>"; };
		1502A514223A3B2A00F0787A /* NSObject+Expand.h */ = {isa = PBXFileReference; fileEncoding = 4; lastKnownFileType = sourcecode.c.h; name = "NSObject+Expand.h"; path = "../../../PYUtile/PYUtile/Source/Public/Expand/NSObject+Expand.h"; sourceTree = "<group>"; };
		1502A515223A3B2A00F0787A /* PYGraphicsDraw.h */ = {isa = PBXFileReference; fileEncoding = 4; lastKnownFileType = sourcecode.c.h; name = PYGraphicsDraw.h; path = ../../../PYUtile/PYUtile/Source/Public/Graphics/PYGraphicsDraw.h; sourceTree = "<group>"; };
		1502A516223A3B2A00F0787A /* PYNetworkReachabilityNotification.h */ = {isa = PBXFileReference; fileEncoding = 4; lastKnownFileType = sourcecode.c.h; name = PYNetworkReachabilityNotification.h; path = ../../../PYUtile/PYUtile/Source/Public/Notification/PYNetworkReachabilityNotification.h; sourceTree = "<group>"; };
		1502A517223A3B2A00F0787A /* PYInvoke.h */ = {isa = PBXFileReference; fileEncoding = 4; lastKnownFileType = sourcecode.c.h; name = PYInvoke.h; path = ../../../PYUtile/PYUtile/Source/Public/Hook/PYInvoke.h; sourceTree = "<group>"; };
		1502A518223A3B2A00F0787A /* UIView+Hook.h */ = {isa = PBXFileReference; fileEncoding = 4; lastKnownFileType = sourcecode.c.h; name = "UIView+Hook.h"; path = "../../../PYUtile/PYUtile/Source/Public/Hook/UIView+Hook.h"; sourceTree = "<group>"; };
		1502A519223A3B2A00F0787A /* UIColor+Expand.h */ = {isa = PBXFileReference; fileEncoding = 4; lastKnownFileType = sourcecode.c.h; name = "UIColor+Expand.h"; path = "../../../PYUtile/PYUtile/Source/Public/Expand/UIColor+Expand.h"; sourceTree = "<group>"; };
		1502A51A223A3B2A00F0787A /* NSNumber+Expand.h */ = {isa = PBXFileReference; fileEncoding = 4; lastKnownFileType = sourcecode.c.h; name = "NSNumber+Expand.h"; path = "../../../PYUtile/PYUtile/Source/Public/Expand/NSNumber+Expand.h"; sourceTree = "<group>"; };
		1502A51B223A3B2B00F0787A /* PYKeyboardNotification.h */ = {isa = PBXFileReference; fileEncoding = 4; lastKnownFileType = sourcecode.c.h; name = PYKeyboardNotification.h; path = ../../../PYUtile/PYUtile/Source/Public/Notification/PYKeyboardNotification.h; sourceTree = "<group>"; };
		1502A51C223A3B2B00F0787A /* NSString+Expand.h */ = {isa = PBXFileReference; fileEncoding = 4; lastKnownFileType = sourcecode.c.h; name = "NSString+Expand.h"; path = "../../../PYUtile/PYUtile/Source/Public/Expand/NSString+Expand.h"; sourceTree = "<group>"; };
		1502A51D223A3B2B00F0787A /* UIResponder+Hook.h */ = {isa = PBXFileReference; fileEncoding = 4; lastKnownFileType = sourcecode.c.h; name = "UIResponder+Hook.h"; path = "../../../PYUtile/PYUtile/Source/Public/Hook/UIResponder+Hook.h"; sourceTree = "<group>"; };
		1502A51E223A3B2B00F0787A /* UILable+Expand.h */ = {isa = PBXFileReference; fileEncoding = 4; lastKnownFileType = sourcecode.c.h; name = "UILable+Expand.h"; path = "../../../PYUtile/PYUtile/Source/Public/Expand/UILable+Expand.h"; sourceTree = "<group>"; };
		1502A51F223A3B2B00F0787A /* UIView+Expand.h */ = {isa = PBXFileReference; fileEncoding = 4; lastKnownFileType = sourcecode.c.h; name = "UIView+Expand.h"; path = "../../../PYUtile/PYUtile/Source/Public/Expand/UIView+Expand.h"; sourceTree = "<group>"; };
		1502A520223A3B2B00F0787A /* NSArray+Expand.h */ = {isa = PBXFileReference; fileEncoding = 4; lastKnownFileType = sourcecode.c.h; name = "NSArray+Expand.h"; path = "../../../PYUtile/PYUtile/Source/Public/Expand/NSArray+Expand.h"; sourceTree = "<group>"; };
		1502A521223A3B2B00F0787A /* PYHook.h */ = {isa = PBXFileReference; fileEncoding = 4; lastKnownFileType = sourcecode.c.h; name = PYHook.h; path = ../../../PYUtile/PYUtile/Source/Public/Hook/PYHook.h; sourceTree = "<group>"; };
		1502A522223A3B2B00F0787A /* PYOrientationNotification.h */ = {isa = PBXFileReference; fileEncoding = 4; lastKnownFileType = sourcecode.c.h; name = PYOrientationNotification.h; path = ../../../PYUtile/PYUtile/Source/Public/Notification/PYOrientationNotification.h; sourceTree = "<group>"; };
		1502A523223A3B2B00F0787A /* NSDictionary+Expand.h */ = {isa = PBXFileReference; fileEncoding = 4; lastKnownFileType = sourcecode.c.h; name = "NSDictionary+Expand.h"; path = "../../../PYUtile/PYUtile/Source/Public/Expand/NSDictionary+Expand.h"; sourceTree = "<group>"; };
		1502A524223A3B2B00F0787A /* PYXml.h */ = {isa = PBXFileReference; fileEncoding = 4; lastKnownFileType = sourcecode.c.h; name = PYXml.h; path = ../../../PYUtile/PYUtile/Source/Public/Xml/PYXml.h; sourceTree = "<group>"; };
		1502A525223A3B2B00F0787A /* UIViewController+HookView.h */ = {isa = PBXFileReference; fileEncoding = 4; lastKnownFileType = sourcecode.c.h; name = "UIViewController+HookView.h"; path = "../../../PYUtile/PYUtile/Source/Public/Hook/UIViewController+HookView.h"; sourceTree = "<group>"; };
		1502A526223A3B2B00F0787A /* PYViewAutolayoutCenter.h */ = {isa = PBXFileReference; fileEncoding = 4; lastKnownFileType = sourcecode.c.h; name = PYViewAutolayoutCenter.h; path = ../../../PYUtile/PYUtile/Source/Public/ViewAutolayout/PYViewAutolayoutCenter.h; sourceTree = "<group>"; };
		1502A527223A3B2B00F0787A /* PYUncaughtExceptionHandler.h */ = {isa = PBXFileReference; fileEncoding = 4; lastKnownFileType = sourcecode.c.h; name = PYUncaughtExceptionHandler.h; path = ../../../PYUtile/PYUtile/Source/Public/Common/PYUncaughtExceptionHandler.h; sourceTree = "<group>"; };
		1502A528223A3B2C00F0787A /* NSDate+Expand.h */ = {isa = PBXFileReference; fileEncoding = 4; lastKnownFileType = sourcecode.c.h; name = "NSDate+Expand.h"; path = "../../../PYUtile/PYUtile/Source/Public/Expand/NSDate+Expand.h"; sourceTree = "<group>"; };
		1502A529223A3B2C00F0787A /* PYGraphicsThumb.h */ = {isa = PBXFileReference; fileEncoding = 4; lastKnownFileType = sourcecode.c.h; name = PYGraphicsThumb.h; path = ../../../PYUtile/PYUtile/Source/Public/Graphics/PYGraphicsThumb.h; sourceTree = "<group>"; };
		1502A52B223A3B2C00F0787A /* UIViewController+Hook.h */ = {isa = PBXFileReference; fileEncoding = 4; lastKnownFileType = sourcecode.c.h; name = "UIViewController+Hook.h"; path = "../../../PYUtile/PYUtile/Source/Public/Hook/UIViewController+Hook.h"; sourceTree = "<group>"; };
		1502A52C223A3B9000F0787A /* UIImage+Expand.h */ = {isa = PBXFileReference; fileEncoding = 4; lastKnownFileType = sourcecode.c.h; name = "UIImage+Expand.h"; path = "../../../PYUtile/PYUtile/Source/Public/Expand/UIImage+Expand.h"; sourceTree = "<group>"; };
		1502A598223A3E3F00F0787A /* libpyutilea.a */ = {isa = PBXFileReference; explicitFileType = archive.ar; path = libpyutilea.a; sourceTree = BUILT_PRODUCTS_DIR; };
		150BF68C1EA06CDE00E320BB /* PYNetUpload.h */ = {isa = PBXFileReference; fileEncoding = 4; lastKnownFileType = sourcecode.c.h; path = PYNetUpload.h; sourceTree = "<group>"; };
		150BF68D1EA06CDE00E320BB /* PYNetUpload.m */ = {isa = PBXFileReference; fileEncoding = 4; lastKnownFileType = sourcecode.c.objc; path = PYNetUpload.m; sourceTree = "<group>"; };
		150BF68F1EA06DA300E320BB /* PYNetwork.h */ = {isa = PBXFileReference; fileEncoding = 4; lastKnownFileType = sourcecode.c.h; path = PYNetwork.h; sourceTree = "<group>"; };
		150BF6901EA06DA300E320BB /* PYNetwork.m */ = {isa = PBXFileReference; fileEncoding = 4; lastKnownFileType = sourcecode.c.objc; path = PYNetwork.m; sourceTree = "<group>"; };
		150F06E11E9CB46800D3B4B4 /* PYNetDownload.h */ = {isa = PBXFileReference; fileEncoding = 4; lastKnownFileType = sourcecode.c.h; path = PYNetDownload.h; sourceTree = "<group>"; };
		150F06E21E9CB46800D3B4B4 /* PYNetDownload.m */ = {isa = PBXFileReference; fileEncoding = 4; lastKnownFileType = sourcecode.c.objc; path = PYNetDownload.m; sourceTree = "<group>"; };
		150F06EC1E9CC3C200D3B4B4 /* libpynetworka.a */ = {isa = PBXFileReference; explicitFileType = archive.ar; includeInIndex = 0; path = libpynetworka.a; sourceTree = BUILT_PRODUCTS_DIR; };
		150F06EE1E9CC3C200D3B4B4 /* pynetworka.h */ = {isa = PBXFileReference; lastKnownFileType = sourcecode.c.h; path = pynetworka.h; sourceTree = "<group>"; };
		15A21D411E9B6ABB0078D3FD /* PYNetwork.app */ = {isa = PBXFileReference; explicitFileType = wrapper.application; includeInIndex = 0; path = PYNetwork.app; sourceTree = BUILT_PRODUCTS_DIR; };
		15A21D451E9B6ABB0078D3FD /* main.m */ = {isa = PBXFileReference; lastKnownFileType = sourcecode.c.objc; path = main.m; sourceTree = "<group>"; };
		15A21D471E9B6ABB0078D3FD /* AppDelegate.h */ = {isa = PBXFileReference; lastKnownFileType = sourcecode.c.h; path = AppDelegate.h; sourceTree = "<group>"; };
		15A21D481E9B6ABB0078D3FD /* AppDelegate.m */ = {isa = PBXFileReference; lastKnownFileType = sourcecode.c.objc; path = AppDelegate.m; sourceTree = "<group>"; };
		15A21D4A1E9B6ABB0078D3FD /* ViewController.h */ = {isa = PBXFileReference; lastKnownFileType = sourcecode.c.h; path = ViewController.h; sourceTree = "<group>"; };
		15A21D4B1E9B6ABB0078D3FD /* ViewController.m */ = {isa = PBXFileReference; lastKnownFileType = sourcecode.c.objc; path = ViewController.m; sourceTree = "<group>"; };
		15A21D4E1E9B6ABB0078D3FD /* Base */ = {isa = PBXFileReference; lastKnownFileType = file.storyboard; name = Base; path = Base.lproj/Main.storyboard; sourceTree = "<group>"; };
		15A21D501E9B6ABB0078D3FD /* Assets.xcassets */ = {isa = PBXFileReference; lastKnownFileType = folder.assetcatalog; path = Assets.xcassets; sourceTree = "<group>"; };
		15A21D531E9B6ABB0078D3FD /* Base */ = {isa = PBXFileReference; lastKnownFileType = file.storyboard; name = Base; path = Base.lproj/LaunchScreen.storyboard; sourceTree = "<group>"; };
		15A21D551E9B6ABB0078D3FD /* Info.plist */ = {isa = PBXFileReference; lastKnownFileType = text.plist.xml; path = Info.plist; sourceTree = "<group>"; };
		15B13E2A22927CE10063AA74 /* PYInvoke.h */ = {isa = PBXFileReference; fileEncoding = 4; lastKnownFileType = sourcecode.c.h; name = PYInvoke.h; path = ../../../PYUtile/PYUtile/Source/Public/Invoke/PYInvoke.h; sourceTree = "<group>"; };
		15CC07C41EA5B8BC0006B505 /* 1.png */ = {isa = PBXFileReference; lastKnownFileType = image.png; path = 1.png; sourceTree = "<group>"; };
		15CC07CC1EA71BB90006B505 /* PYNetNormal.m */ = {isa = PBXFileReference; fileEncoding = 4; lastKnownFileType = sourcecode.c.objc; path = PYNetNormal.m; sourceTree = "<group>"; };
		15CC07CD1EA71BB90006B505 /* PYNetNormal.h */ = {isa = PBXFileReference; fileEncoding = 4; lastKnownFileType = sourcecode.c.h; path = PYNetNormal.h; sourceTree = "<group>"; };
		15CECCAF228BE0D8008173E0 /* NSObject+Hook.h */ = {isa = PBXFileReference; fileEncoding = 4; lastKnownFileType = sourcecode.c.h; name = "NSObject+Hook.h"; path = "../../../PYUtile/PYUtile/Source/Public/Hook/NSObject+Hook.h"; sourceTree = "<group>"; };
		15DC8F372303AF6100682D21 /* PYNetworkReachabilityManager.h */ = {isa = PBXFileReference; lastKnownFileType = sourcecode.c.h; path = PYNetworkReachabilityManager.h; sourceTree = "<group>"; };
		15DC8F382303AF6100682D21 /* PYNetworkReachabilityManager.m */ = {isa = PBXFileReference; lastKnownFileType = sourcecode.c.objc; path = PYNetworkReachabilityManager.m; sourceTree = "<group>"; };
		15DC8F3C2303B67C00682D21 /* PYNetwork+__ContenType.h */ = {isa = PBXFileReference; lastKnownFileType = sourcecode.c.h; path = "PYNetwork+__ContenType.h"; sourceTree = "<group>"; };
		15DC8F3D2303B67C00682D21 /* PYNetwork+__ContenType.m */ = {isa = PBXFileReference; lastKnownFileType = sourcecode.c.objc; path = "PYNetwork+__ContenType.m"; sourceTree = "<group>"; };
		15DC8F3F2303CE8700682D21 /* PYNetwork+__DataParse.h */ = {isa = PBXFileReference; lastKnownFileType = sourcecode.c.h; path = "PYNetwork+__DataParse.h"; sourceTree = "<group>"; };
		15DC8F402303CE8700682D21 /* PYNetwork+__DataParse.m */ = {isa = PBXFileReference; lastKnownFileType = sourcecode.c.objc; path = "PYNetwork+__DataParse.m"; sourceTree = "<group>"; };
		15FA8005227EC5AF007C484E /* PYUtile.h */ = {isa = PBXFileReference; fileEncoding = 4; lastKnownFileType = sourcecode.c.h; name = PYUtile.h; path = ../../../PYUtile/PYUtile/Source/Public/Utile/PYUtile.h; sourceTree = "<group>"; };
		15FA8006227EC5B0007C484E /* PYUtileMacro.h */ = {isa = PBXFileReference; fileEncoding = 4; lastKnownFileType = sourcecode.c.h; name = PYUtileMacro.h; path = ../../../PYUtile/PYUtile/Source/Public/Utile/PYUtileMacro.h; sourceTree = "<group>"; };
/* End PBXFileReference section */

/* Begin PBXFrameworksBuildPhase section */
		150F06E91E9CC3C100D3B4B4 /* Frameworks */ = {
			isa = PBXFrameworksBuildPhase;
			buildActionMask = 2147483647;
			files = (
			);
			runOnlyForDeploymentPostprocessing = 0;
		};
		15A21D3E1E9B6ABB0078D3FD /* Frameworks */ = {
			isa = PBXFrameworksBuildPhase;
			buildActionMask = 2147483647;
			files = (
				1502A599223A3E3F00F0787A /* libpyutilea.a in Frameworks */,
			);
			runOnlyForDeploymentPostprocessing = 0;
		};
/* End PBXFrameworksBuildPhase section */

/* Begin PBXGroup section */
		1502A424223A39BA00F0787A /* Library */ = {
			isa = PBXGroup;
			children = (
				1502A425223A39C900F0787A /* PYUtile */,
			);
			path = Library;
			sourceTree = "<group>";
		};
		1502A425223A39C900F0787A /* PYUtile */ = {
			isa = PBXGroup;
			children = (
				15B13E2A22927CE10063AA74 /* PYInvoke.h */,
				15CECCAF228BE0D8008173E0 /* NSObject+Hook.h */,
				15FA8005227EC5AF007C484E /* PYUtile.h */,
				15FA8006227EC5B0007C484E /* PYUtileMacro.h */,
				1502A52C223A3B9000F0787A /* UIImage+Expand.h */,
				1502A50F223A3B2A00F0787A /* EXTScope.h */,
				1502A510223A3B2A00F0787A /* metamacros.h */,
				1502A520223A3B2B00F0787A /* NSArray+Expand.h */,
				1502A512223A3B2A00F0787A /* NSData+Expand.h */,
				1502A528223A3B2C00F0787A /* NSDate+Expand.h */,
				1502A523223A3B2B00F0787A /* NSDictionary+Expand.h */,
				1502A51A223A3B2A00F0787A /* NSNumber+Expand.h */,
				1502A514223A3B2A00F0787A /* NSObject+Expand.h */,
				1502A51C223A3B2B00F0787A /* NSString+Expand.h */,
				1502A515223A3B2A00F0787A /* PYGraphicsDraw.h */,
				1502A529223A3B2C00F0787A /* PYGraphicsThumb.h */,
				1502A521223A3B2B00F0787A /* PYHook.h */,
				1502A517223A3B2A00F0787A /* PYInvoke.h */,
				1502A51B223A3B2B00F0787A /* PYKeyboardNotification.h */,
				1502A511223A3B2A00F0787A /* PYMotionNotification.h */,
				1502A516223A3B2A00F0787A /* PYNetworkReachabilityNotification.h */,
				1502A522223A3B2B00F0787A /* PYOrientationNotification.h */,
				1502A527223A3B2B00F0787A /* PYUncaughtExceptionHandler.h */,
				1502A526223A3B2B00F0787A /* PYViewAutolayoutCenter.h */,
				1502A524223A3B2B00F0787A /* PYXml.h */,
				1502A519223A3B2A00F0787A /* UIColor+Expand.h */,
				1502A51E223A3B2B00F0787A /* UILable+Expand.h */,
				1502A51D223A3B2B00F0787A /* UIResponder+Hook.h */,
				1502A51F223A3B2B00F0787A /* UIView+Expand.h */,
				1502A518223A3B2A00F0787A /* UIView+Hook.h */,
				1502A52B223A3B2C00F0787A /* UIViewController+Hook.h */,
				1502A513223A3B2A00F0787A /* UIViewController+HookOrientation.h */,
				1502A525223A3B2B00F0787A /* UIViewController+HookView.h */,
				1502A44F223A3A4C00F0787A /* pyutilea.h */,
			);
			path = PYUtile;
			sourceTree = "<group>";
		};
		1502A44A223A3A1200F0787A /* Frameworks */ = {
			isa = PBXGroup;
			children = (
				1502A598223A3E3F00F0787A /* libpyutilea.a */,
				1502A44D223A3A3100F0787A /* libpykita.a */,
				1502A44B223A3A1200F0787A /* libpyutilea.a */,
			);
			name = Frameworks;
			sourceTree = "<group>";
		};
		150F06ED1E9CC3C200D3B4B4 /* pynetworka */ = {
			isa = PBXGroup;
			children = (
				150F06EE1E9CC3C200D3B4B4 /* pynetworka.h */,
			);
			path = pynetworka;
			sourceTree = "<group>";
		};
		15A21D381E9B6ABB0078D3FD = {
			isa = PBXGroup;
			children = (
				1502A424223A39BA00F0787A /* Library */,
				15CC07C41EA5B8BC0006B505 /* 1.png */,
				15A21D431E9B6ABB0078D3FD /* PYNetwork */,
				150F06ED1E9CC3C200D3B4B4 /* pynetworka */,
				15A21D421E9B6ABB0078D3FD /* Products */,
				1502A44A223A3A1200F0787A /* Frameworks */,
			);
			sourceTree = "<group>";
		};
		15A21D421E9B6ABB0078D3FD /* Products */ = {
			isa = PBXGroup;
			children = (
				15A21D411E9B6ABB0078D3FD /* PYNetwork.app */,
				150F06EC1E9CC3C200D3B4B4 /* libpynetworka.a */,
			);
			name = Products;
			sourceTree = "<group>";
		};
		15A21D431E9B6ABB0078D3FD /* PYNetwork */ = {
			isa = PBXGroup;
			children = (
				15DC8F3A2303B1E000682D21 /* Source */,
				15A21D471E9B6ABB0078D3FD /* AppDelegate.h */,
				15A21D481E9B6ABB0078D3FD /* AppDelegate.m */,
				15A21D4A1E9B6ABB0078D3FD /* ViewController.h */,
				15A21D4B1E9B6ABB0078D3FD /* ViewController.m */,
				15A21D4D1E9B6ABB0078D3FD /* Main.storyboard */,
				15A21D501E9B6ABB0078D3FD /* Assets.xcassets */,
				15A21D521E9B6ABB0078D3FD /* LaunchScreen.storyboard */,
				15A21D551E9B6ABB0078D3FD /* Info.plist */,
				15A21D441E9B6ABB0078D3FD /* Supporting Files */,
			);
			path = PYNetwork;
			sourceTree = "<group>";
		};
		15A21D441E9B6ABB0078D3FD /* Supporting Files */ = {
			isa = PBXGroup;
			children = (
				15A21D451E9B6ABB0078D3FD /* main.m */,
			);
			name = "Supporting Files";
			sourceTree = "<group>";
		};
		15DC8F3A2303B1E000682D21 /* Source */ = {
			isa = PBXGroup;
			children = (
				15DC8F422303CF6000682D21 /* Private */,
				15DC8F3B2303B1EB00682D21 /* Public */,
			);
			name = Source;
			sourceTree = "<group>";
		};
		15DC8F3B2303B1EB00682D21 /* Public */ = {
			isa = PBXGroup;
			children = (
				150F06E11E9CB46800D3B4B4 /* PYNetDownload.h */,
				150F06E21E9CB46800D3B4B4 /* PYNetDownload.m */,
				15CC07CD1EA71BB90006B505 /* PYNetNormal.h */,
				15CC07CC1EA71BB90006B505 /* PYNetNormal.m */,
				150BF68C1EA06CDE00E320BB /* PYNetUpload.h */,
				150BF68D1EA06CDE00E320BB /* PYNetUpload.m */,
				150BF68F1EA06DA300E320BB /* PYNetwork.h */,
				150BF6901EA06DA300E320BB /* PYNetwork.m */,
				15DC8F372303AF6100682D21 /* PYNetworkReachabilityManager.h */,
				15DC8F382303AF6100682D21 /* PYNetworkReachabilityManager.m */,
			);
			name = Public;
			sourceTree = "<group>";
		};
		15DC8F422303CF6000682D21 /* Private */ = {
			isa = PBXGroup;
			children = (
				15DC8F3C2303B67C00682D21 /* PYNetwork+__ContenType.h */,
				15DC8F3D2303B67C00682D21 /* PYNetwork+__ContenType.m */,
				15DC8F3F2303CE8700682D21 /* PYNetwork+__DataParse.h */,
				15DC8F402303CE8700682D21 /* PYNetwork+__DataParse.m */,
			);
			name = Private;
			sourceTree = "<group>";
		};
/* End PBXGroup section */

/* Begin PBXNativeTarget section */
		150F06EB1E9CC3C100D3B4B4 /* pynetworka */ = {
			isa = PBXNativeTarget;
			buildConfigurationList = 150F06F21E9CC3C200D3B4B4 /* Build configuration list for PBXNativeTarget "pynetworka" */;
			buildPhases = (
				150F06E81E9CC3C100D3B4B4 /* Sources */,
				150F06E91E9CC3C100D3B4B4 /* Frameworks */,
				150F06EA1E9CC3C100D3B4B4 /* CopyFiles */,
			);
			buildRules = (
			);
			dependencies = (
			);
			name = pynetworka;
			productName = pynetworka;
			productReference = 150F06EC1E9CC3C200D3B4B4 /* libpynetworka.a */;
			productType = "com.apple.product-type.library.static";
		};
		15A21D401E9B6ABB0078D3FD /* PYNetwork */ = {
			isa = PBXNativeTarget;
			buildConfigurationList = 15A21D581E9B6ABB0078D3FD /* Build configuration list for PBXNativeTarget "PYNetwork" */;
			buildPhases = (
				15A21D3D1E9B6ABB0078D3FD /* Sources */,
				15A21D3E1E9B6ABB0078D3FD /* Frameworks */,
				15A21D3F1E9B6ABB0078D3FD /* Resources */,
			);
			buildRules = (
			);
			dependencies = (
			);
			name = PYNetwork;
			productName = PYNetwork;
			productReference = 15A21D411E9B6ABB0078D3FD /* PYNetwork.app */;
			productType = "com.apple.product-type.application";
		};
/* End PBXNativeTarget section */

/* Begin PBXProject section */
		15A21D391E9B6ABB0078D3FD /* Project object */ = {
			isa = PBXProject;
			attributes = {
				LastUpgradeCheck = 0900;
				ORGANIZATIONNAME = wlpiaoyi;
				TargetAttributes = {
					150F06EB1E9CC3C100D3B4B4 = {
						CreatedOnToolsVersion = 8.3;
						DevelopmentTeam = S4NUSJ3KDJ;
						ProvisioningStyle = Automatic;
					};
					15A21D401E9B6ABB0078D3FD = {
						CreatedOnToolsVersion = 8.3;
						DevelopmentTeam = TVXZ27JPZ9;
						ProvisioningStyle = Automatic;
					};
				};
			};
			buildConfigurationList = 15A21D3C1E9B6ABB0078D3FD /* Build configuration list for PBXProject "PYNetwork" */;
			compatibilityVersion = "Xcode 3.2";
			developmentRegion = English;
			hasScannedForEncodings = 0;
			knownRegions = (
				English,
				en,
				Base,
			);
			mainGroup = 15A21D381E9B6ABB0078D3FD;
			productRefGroup = 15A21D421E9B6ABB0078D3FD /* Products */;
			projectDirPath = "";
			projectRoot = "";
			targets = (
				15A21D401E9B6ABB0078D3FD /* PYNetwork */,
				150F06EB1E9CC3C100D3B4B4 /* pynetworka */,
			);
		};
/* End PBXProject section */

/* Begin PBXResourcesBuildPhase section */
		15A21D3F1E9B6ABB0078D3FD /* Resources */ = {
			isa = PBXResourcesBuildPhase;
			buildActionMask = 2147483647;
			files = (
				15A21D541E9B6ABB0078D3FD /* LaunchScreen.storyboard in Resources */,
				15A21D511E9B6ABB0078D3FD /* Assets.xcassets in Resources */,
				15CC07C51EA5B8BC0006B505 /* 1.png in Resources */,
				15A21D4F1E9B6ABB0078D3FD /* Main.storyboard in Resources */,
			);
			runOnlyForDeploymentPostprocessing = 0;
		};
/* End PBXResourcesBuildPhase section */

/* Begin PBXSourcesBuildPhase section */
		150F06E81E9CC3C100D3B4B4 /* Sources */ = {
			isa = PBXSourcesBuildPhase;
			buildActionMask = 2147483647;
			files = (
				15DC8F432303D6E900682D21 /* PYNetwork+__ContenType.m in Sources */,
				15DC8F442303D6E900682D21 /* PYNetwork+__DataParse.m in Sources */,
				15DC8F452303D6E900682D21 /* PYNetworkReachabilityManager.m in Sources */,
				15CC08011EA7564D0006B505 /* PYNetUpload.m in Sources */,
				15CC08021EA7564D0006B505 /* PYNetNormal.m in Sources */,
				150BF6931EA0A18600E320BB /* PYNetwork.m in Sources */,
				150F06F71E9CC3D300D3B4B4 /* PYNetDownload.m in Sources */,
			);
			runOnlyForDeploymentPostprocessing = 0;
		};
		15A21D3D1E9B6ABB0078D3FD /* Sources */ = {
			isa = PBXSourcesBuildPhase;
			buildActionMask = 2147483647;
			files = (
				150F06E41E9CB46800D3B4B4 /* PYNetDownload.m in Sources */,
				15CC07CE1EA71BB90006B505 /* PYNetNormal.m in Sources */,
				150BF6911EA06DA300E320BB /* PYNetwork.m in Sources */,
				15A21D4C1E9B6ABB0078D3FD /* ViewController.m in Sources */,
				15DC8F3E2303B67C00682D21 /* PYNetwork+__ContenType.m in Sources */,
				15A21D491E9B6ABB0078D3FD /* AppDelegate.m in Sources */,
				15A21D461E9B6ABB0078D3FD /* main.m in Sources */,
				15DC8F392303AF6100682D21 /* PYNetworkReachabilityManager.m in Sources */,
				150BF68E1EA06CDE00E320BB /* PYNetUpload.m in Sources */,
				15DC8F412303CE8700682D21 /* PYNetwork+__DataParse.m in Sources */,
			);
			runOnlyForDeploymentPostprocessing = 0;
		};
/* End PBXSourcesBuildPhase section */

/* Begin PBXVariantGroup section */
		15A21D4D1E9B6ABB0078D3FD /* Main.storyboard */ = {
			isa = PBXVariantGroup;
			children = (
				15A21D4E1E9B6ABB0078D3FD /* Base */,
			);
			name = Main.storyboard;
			sourceTree = "<group>";
		};
		15A21D521E9B6ABB0078D3FD /* LaunchScreen.storyboard */ = {
			isa = PBXVariantGroup;
			children = (
				15A21D531E9B6ABB0078D3FD /* Base */,
			);
			name = LaunchScreen.storyboard;
			sourceTree = "<group>";
		};
/* End PBXVariantGroup section */

/* Begin XCBuildConfiguration section */
		150F06F31E9CC3C200D3B4B4 /* Debug */ = {
			isa = XCBuildConfiguration;
			buildSettings = {
				DEVELOPMENT_TEAM = S4NUSJ3KDJ;
				IPHONEOS_DEPLOYMENT_TARGET = 8.0;
				OTHER_LDFLAGS = "-ObjC";
				PRODUCT_NAME = "$(TARGET_NAME)";
				SKIP_INSTALL = YES;
			};
			name = Debug;
		};
		150F06F41E9CC3C200D3B4B4 /* Release */ = {
			isa = XCBuildConfiguration;
			buildSettings = {
				DEVELOPMENT_TEAM = S4NUSJ3KDJ;
				IPHONEOS_DEPLOYMENT_TARGET = 8.0;
				OTHER_LDFLAGS = "-ObjC";
				PRODUCT_NAME = "$(TARGET_NAME)";
				SKIP_INSTALL = YES;
			};
			name = Release;
		};
		15A21D561E9B6ABB0078D3FD /* Debug */ = {
			isa = XCBuildConfiguration;
			buildSettings = {
				ALWAYS_SEARCH_USER_PATHS = NO;
				CLANG_ANALYZER_NONNULL = YES;
				CLANG_ANALYZER_NUMBER_OBJECT_CONVERSION = YES_AGGRESSIVE;
				CLANG_CXX_LANGUAGE_STANDARD = "gnu++0x";
				CLANG_CXX_LIBRARY = "libc++";
				CLANG_ENABLE_MODULES = YES;
				CLANG_ENABLE_OBJC_ARC = YES;
				CLANG_WARN_BLOCK_CAPTURE_AUTORELEASING = YES;
				CLANG_WARN_BOOL_CONVERSION = YES;
				CLANG_WARN_COMMA = YES;
				CLANG_WARN_CONSTANT_CONVERSION = YES;
				CLANG_WARN_DIRECT_OBJC_ISA_USAGE = YES_ERROR;
				CLANG_WARN_DOCUMENTATION_COMMENTS = YES;
				CLANG_WARN_EMPTY_BODY = YES;
				CLANG_WARN_ENUM_CONVERSION = YES;
				CLANG_WARN_INFINITE_RECURSION = YES;
				CLANG_WARN_INT_CONVERSION = YES;
				CLANG_WARN_NON_LITERAL_NULL_CONVERSION = YES;
				CLANG_WARN_OBJC_LITERAL_CONVERSION = YES;
				CLANG_WARN_OBJC_ROOT_CLASS = YES_ERROR;
				CLANG_WARN_RANGE_LOOP_ANALYSIS = YES;
				CLANG_WARN_STRICT_PROTOTYPES = YES;
				CLANG_WARN_SUSPICIOUS_MOVE = YES;
				CLANG_WARN_UNREACHABLE_CODE = YES;
				CLANG_WARN__DUPLICATE_METHOD_MATCH = YES;
				"CODE_SIGN_IDENTITY[sdk=iphoneos*]" = "iPhone Developer";
				COPY_PHASE_STRIP = NO;
				DEBUG_INFORMATION_FORMAT = dwarf;
				ENABLE_STRICT_OBJC_MSGSEND = YES;
				ENABLE_TESTABILITY = YES;
				GCC_C_LANGUAGE_STANDARD = gnu99;
				GCC_DYNAMIC_NO_PIC = NO;
				GCC_NO_COMMON_BLOCKS = YES;
				GCC_OPTIMIZATION_LEVEL = 0;
				GCC_PREPROCESSOR_DEFINITIONS = (
					"DEBUG=1",
					"$(inherited)",
				);
				GCC_WARN_64_TO_32_BIT_CONVERSION = YES;
				GCC_WARN_ABOUT_RETURN_TYPE = YES_ERROR;
				GCC_WARN_UNDECLARED_SELECTOR = YES;
				GCC_WARN_UNINITIALIZED_AUTOS = YES_AGGRESSIVE;
				GCC_WARN_UNUSED_FUNCTION = YES;
				GCC_WARN_UNUSED_VARIABLE = YES;
				IPHONEOS_DEPLOYMENT_TARGET = 10.3;
				MTL_ENABLE_DEBUG_INFO = YES;
				ONLY_ACTIVE_ARCH = YES;
				SDKROOT = iphoneos;
				TARGETED_DEVICE_FAMILY = "1,2";
			};
			name = Debug;
		};
		15A21D571E9B6ABB0078D3FD /* Release */ = {
			isa = XCBuildConfiguration;
			buildSettings = {
				ALWAYS_SEARCH_USER_PATHS = NO;
				CLANG_ANALYZER_NONNULL = YES;
				CLANG_ANALYZER_NUMBER_OBJECT_CONVERSION = YES_AGGRESSIVE;
				CLANG_CXX_LANGUAGE_STANDARD = "gnu++0x";
				CLANG_CXX_LIBRARY = "libc++";
				CLANG_ENABLE_MODULES = YES;
				CLANG_ENABLE_OBJC_ARC = YES;
				CLANG_WARN_BLOCK_CAPTURE_AUTORELEASING = YES;
				CLANG_WARN_BOOL_CONVERSION = YES;
				CLANG_WARN_COMMA = YES;
				CLANG_WARN_CONSTANT_CONVERSION = YES;
				CLANG_WARN_DIRECT_OBJC_ISA_USAGE = YES_ERROR;
				CLANG_WARN_DOCUMENTATION_COMMENTS = YES;
				CLANG_WARN_EMPTY_BODY = YES;
				CLANG_WARN_ENUM_CONVERSION = YES;
				CLANG_WARN_INFINITE_RECURSION = YES;
				CLANG_WARN_INT_CONVERSION = YES;
				CLANG_WARN_NON_LITERAL_NULL_CONVERSION = YES;
				CLANG_WARN_OBJC_LITERAL_CONVERSION = YES;
				CLANG_WARN_OBJC_ROOT_CLASS = YES_ERROR;
				CLANG_WARN_RANGE_LOOP_ANALYSIS = YES;
				CLANG_WARN_STRICT_PROTOTYPES = YES;
				CLANG_WARN_SUSPICIOUS_MOVE = YES;
				CLANG_WARN_UNREACHABLE_CODE = YES;
				CLANG_WARN__DUPLICATE_METHOD_MATCH = YES;
				"CODE_SIGN_IDENTITY[sdk=iphoneos*]" = "iPhone Developer";
				COPY_PHASE_STRIP = NO;
				DEBUG_INFORMATION_FORMAT = "dwarf-with-dsym";
				ENABLE_NS_ASSERTIONS = NO;
				ENABLE_STRICT_OBJC_MSGSEND = YES;
				GCC_C_LANGUAGE_STANDARD = gnu99;
				GCC_NO_COMMON_BLOCKS = YES;
				GCC_WARN_64_TO_32_BIT_CONVERSION = YES;
				GCC_WARN_ABOUT_RETURN_TYPE = YES_ERROR;
				GCC_WARN_UNDECLARED_SELECTOR = YES;
				GCC_WARN_UNINITIALIZED_AUTOS = YES_AGGRESSIVE;
				GCC_WARN_UNUSED_FUNCTION = YES;
				GCC_WARN_UNUSED_VARIABLE = YES;
				IPHONEOS_DEPLOYMENT_TARGET = 10.3;
				MTL_ENABLE_DEBUG_INFO = NO;
				SDKROOT = iphoneos;
				TARGETED_DEVICE_FAMILY = "1,2";
				VALIDATE_PRODUCT = YES;
			};
			name = Release;
		};
		15A21D591E9B6ABB0078D3FD /* Debug */ = {
			isa = XCBuildConfiguration;
			buildSettings = {
				ASSETCATALOG_COMPILER_APPICON_NAME = AppIcon;
				DEVELOPMENT_TEAM = TVXZ27JPZ9;
				INFOPLIST_FILE = PYNetwork/Info.plist;
				IPHONEOS_DEPLOYMENT_TARGET = 8.0;
				LD_RUNPATH_SEARCH_PATHS = "$(inherited) @executable_path/Frameworks";
				LIBRARY_SEARCH_PATHS = (
					"$(inherited)",
					"$(PROJECT_DIR)",
					"$(PROJECT_DIR)/lib",
					"$(PROJECT_DIR)/lib/pyutile",
				);
				OTHER_LDFLAGS = "-ObjC";
				PRODUCT_BUNDLE_IDENTIFIER = wlpiaoyi.PYNetwork;
				PRODUCT_NAME = "$(TARGET_NAME)";
			};
			name = Debug;
		};
		15A21D5A1E9B6ABB0078D3FD /* Release */ = {
			isa = XCBuildConfiguration;
			buildSettings = {
				ASSETCATALOG_COMPILER_APPICON_NAME = AppIcon;
				DEVELOPMENT_TEAM = TVXZ27JPZ9;
				INFOPLIST_FILE = PYNetwork/Info.plist;
				IPHONEOS_DEPLOYMENT_TARGET = 8.0;
				LD_RUNPATH_SEARCH_PATHS = "$(inherited) @executable_path/Frameworks";
				LIBRARY_SEARCH_PATHS = (
					"$(inherited)",
					"$(PROJECT_DIR)",
					"$(PROJECT_DIR)/lib",
					"$(PROJECT_DIR)/lib/pyutile",
				);
				OTHER_LDFLAGS = "-ObjC";
				PRODUCT_BUNDLE_IDENTIFIER = wlpiaoyi.PYNetwork;
				PRODUCT_NAME = "$(TARGET_NAME)";
			};
			name = Release;
		};
/* End XCBuildConfiguration section */

/* Begin XCConfigurationList section */
		150F06F21E9CC3C200D3B4B4 /* Build configuration list for PBXNativeTarget "pynetworka" */ = {
			isa = XCConfigurationList;
			buildConfigurations = (
				150F06F31E9CC3C200D3B4B4 /* Debug */,
				150F06F41E9CC3C200D3B4B4 /* Release */,
			);
			defaultConfigurationIsVisible = 0;
			defaultConfigurationName = Release;
		};
		15A21D3C1E9B6ABB0078D3FD /* Build configuration list for PBXProject "PYNetwork" */ = {
			isa = XCConfigurationList;
			buildConfigurations = (
				15A21D561E9B6ABB0078D3FD /* Debug */,
				15A21D571E9B6ABB0078D3FD /* Release */,
			);
			defaultConfigurationIsVisible = 0;
			defaultConfigurationName = Release;
		};
		15A21D581E9B6ABB0078D3FD /* Build configuration list for PBXNativeTarget "PYNetwork" */ = {
			isa = XCConfigurationList;
			buildConfigurations = (
				15A21D591E9B6ABB0078D3FD /* Debug */,
				15A21D5A1E9B6ABB0078D3FD /* Release */,
			);
			defaultConfigurationIsVisible = 0;
			defaultConfigurationName = Release;
		};
/* End XCConfigurationList section */
	};
	rootObject = 15A21D391E9B6ABB0078D3FD /* Project object */;
}
